{
  "name": "frontend",
  "version": "0.0.0",
  "lockfileVersion": 2,
  "requires": true,
  "packages": {
    "": {
      "name": "frontend",
      "version": "0.0.0",
      "devDependencies": {
        "vite": "^5.2.0"
      }
    },
    "node_modules/vite": {
      "version": "5.2.0",
      "resolved": "https://registry.npmjs.org/vite/-/vite-5.2.0.tgz",
      "integrity": "sha512-VrqbQx9x2Jb3jLgT2RNCaHHW2O3YgIM5XJjGgL6bZbi5U8T638D0r3D5LUPqgohH1Yn1S3bI9c5R2k23BNnBA==",
      "dev": true,
      "bin": {
        "vite": "bin/vite.js"
      },
      "engines": {
        "node": "^18.0.0 || >=20.0.0"
      },
      "funding": {
        "url": "https://github.com/sponsors/yyx990803"
      },
      "optionalDependencies": {
        "fsevents": "~2.3.2"
      }
    }
  }
}
